
Microsoft Visual Studio Solution File, Format Version 12.00
# Visual Studio Version 17
VisualStudioVersion = 17.3.32901.215
MinimumVisualStudioVersion = 10.0.40219.1
Project("{FAE04EC0-301F-11D3-BF4B-00C04F79EFBC}") = "HousingEstate", "HousingEstate\HousingEstate.csproj", "{16223779-3927-4A99-AC9F-3E7016297104}"
EndProject
Global
	GlobalSection(SolutionConfigurationPlatforms) = preSolution
		Debug|Any CPU = Debug|Any CPU
		Release|Any CPU = Release|Any CPU
	EndGlobalSection
	GlobalSection(ProjectConfigurationPlatforms) = postSolution
		{16223779-3927-4A99-AC9F-3E7016297104}.Debug|Any CPU.ActiveCfg = Debug|Any CPU
		{16223779-3927-4A99-AC9F-3E7016297104}.Debug|Any CPU.Build.0 = Debug|Any CPU
		{16223779-3927-4A99-AC9F-3E7016297104}.Release|Any CPU.ActiveCfg = Release|Any CPU
		{16223779-3927-4A99-AC9F-3E7016297104}.Release|Any CPU.Build.0 = Release|Any CPU
	EndGlobalSection
	GlobalSection(SolutionProperties) = preSolution
		HideSolutionNode = FALSE
	EndGlobalSection
	GlobalSection(ExtensibilityGlobals) = postSolution
		SolutionGuid = {5E7D341E-5142-4AE0-AD41-7A40BE0764D9}
	EndGlobalSection
EndGlobal
